
Microsoft Visual Studio Solution File, Format Version 12.00
# Visual Studio Version 16
VisualStudioVersion = 16.0.31410.357
MinimumVisualStudioVersion = 10.0.40219.1
Project("{FAE04EC0-301F-11D3-BF4B-00C04F79EFBC}") = "WebAPI", "WebAPI\WebAPI.csproj", "{D885FFE9-9487-43FC-83AF-3AEC0FC2FF8D}"
EndProject
Global
	GlobalSection(SolutionConfigurationPlatforms) = preSolution
		Debug|Any CPU = Debug|Any CPU
		Release|Any CPU = Release|Any CPU
	EndGlobalSection
	GlobalSection(ProjectConfigurationPlatforms) = postSolution
		{D885FFE9-9487-43FC-83AF-3AEC0FC2FF8D}.Debug|Any CPU.ActiveCfg = Debug|Any CPU
		{D885FFE9-9487-43FC-83AF-3AEC0FC2FF8D}.Debug|Any CPU.Build.0 = Debug|Any CPU
		{D885FFE9-9487-43FC-83AF-3AEC0FC2FF8D}.Release|Any CPU.ActiveCfg = Release|Any CPU
		{D885FFE9-9487-43FC-83AF-3AEC0FC2FF8D}.Release|Any CPU.Build.0 = Release|Any CPU
	EndGlobalSection
	GlobalSection(SolutionProperties) = preSolution
		HideSolutionNode = FALSE
	EndGlobalSection
	GlobalSection(ExtensibilityGlobals) = postSolution
		SolutionGuid = {698214F2-2EC3-489F-A865-DC89F21137BB}
	EndGlobalSection
EndGlobal
